
Microsoft Visual Studio Solution File, Format Version 12.00
# Visual Studio Version 17
VisualStudioVersion = 17.5.002.0
MinimumVisualStudioVersion = 10.0.40219.1
Project("{2150E333-8FDC-42A3-9474-1A3956D46DE8}") = "csharp-prep", "csharp-prep", "{BD7A638B-0B33-474C-B13A-AFEBD555FB19}"
EndProject
Project("{9A19103F-16F7-4668-BE54-9A1E7A4F7556}") = "Prep1", "csharp-prep\Prep1\Prep1.csproj", "{FAA8F90E-0110-4426-BA7C-AB412182A6C6}"
EndProject
Project("{9A19103F-16F7-4668-BE54-9A1E7A4F7556}") = "Prep2", "csharp-prep\Prep2\Prep2.csproj", "{5ADEBFAC-2CA9-4F44-9FFC-64C48A98872A}"
EndProject
Project("{9A19103F-16F7-4668-BE54-9A1E7A4F7556}") = "Prep3", "csharp-prep\Prep3\Prep3.csproj", "{8D26DF41-305E-4ABB-845C-FBB20C00A603}"
EndProject
Project("{9A19103F-16F7-4668-BE54-9A1E7A4F7556}") = "Prep4", "csharp-prep\Prep4\Prep4.csproj", "{B713F264-4149-4F5E-8003-5C7406CB61DB}"
EndProject
Project("{9A19103F-16F7-4668-BE54-9A1E7A4F7556}") = "Prep5", "csharp-prep\Prep5\Prep5.csproj", "{B3C45CBF-AC86-4E0A-B61E-7CD964FFE9CF}"
EndProject
Project("{2150E333-8FDC-42A3-9474-1A3956D46DE8}") = "final", "final", "{AC304168-2110-4556-9CEC-216EC0388A84}"
EndProject
Project("{9A19103F-16F7-4668-BE54-9A1E7A4F7556}") = "FinalProject", "final\FinalProject\FinalProject.csproj", "{661BD3A0-F393-45CD-B08D-0AA924A99786}"
EndProject
Project("{9A19103F-16F7-4668-BE54-9A1E7A4F7556}") = "Foundation1", "final\Foundation1\Foundation1.csproj", "{45A5CE51-111C-4780-8317-6F023E88B60E}"
EndProject
Project("{9A19103F-16F7-4668-BE54-9A1E7A4F7556}") = "Foundation2", "final\Foundation2\Foundation2.csproj", "{5999F8BA-175E-4513-ADA8-41130070EEE5}"
EndProject
Project("{9A19103F-16F7-4668-BE54-9A1E7A4F7556}") = "Foundation3", "final\Foundation3\Foundation3.csproj", "{46E9DD3E-89C3-47F5-9776-4404A4D36CC6}"
EndProject
Project("{9A19103F-16F7-4668-BE54-9A1E7A4F7556}") = "Foundation4", "final\Foundation4\Foundation4.csproj", "{CAAD9814-14F8-46FE-B508-E982B2403724}"
EndProject
Project("{2150E333-8FDC-42A3-9474-1A3956D46DE8}") = "prepare", "prepare", "{7388378F-D343-40BF-87E9-9E5C3323BAAF}"
EndProject
Project("{9A19103F-16F7-4668-BE54-9A1E7A4F7556}") = "Learning02", "prepare\Learning02\Learning02.csproj", "{50E21FBD-143A-4C6A-88FC-E9B58C3A292A}"
EndProject
Project("{9A19103F-16F7-4668-BE54-9A1E7A4F7556}") = "Learning03", "prepare\Learning03\Learning03.csproj", "{ADDE3739-8A6D-496A-B229-2B7682B46094}"
EndProject
Project("{9A19103F-16F7-4668-BE54-9A1E7A4F7556}") = "Learning04", "prepare\Learning04\Learning04.csproj", "{A3D503C9-9EF3-4BBE-97D1-349CB229FD2C}"
EndProject
Project("{9A19103F-16F7-4668-BE54-9A1E7A4F7556}") = "Learning05", "prepare\Learning05\Learning05.csproj", "{82276D3E-E883-441F-9665-ABC1FB15CD0A}"
EndProject
Project("{2150E333-8FDC-42A3-9474-1A3956D46DE8}") = "prove", "prove", "{C2195434-3A1E-42AE-A016-7898EADC4042}"
EndProject
Project("{9A19103F-16F7-4668-BE54-9A1E7A4F7556}") = "Develop02", "prove\Develop02\Develop02.csproj", "{49FEEA97-99E1-45C2-A390-3A24DEA75467}"
EndProject
Project("{9A19103F-16F7-4668-BE54-9A1E7A4F7556}") = "Develop03", "prove\Develop03\Develop03.csproj", "{D911DF16-5973-4B47-93D4-19D7121E31B3}"
EndProject
Project("{9A19103F-16F7-4668-BE54-9A1E7A4F7556}") = "Develop04", "prove\Develop04\Develop04.csproj", "{2CBE7A00-3C51-4EB8-907B-E4D9ED87E998}"
EndProject
Project("{9A19103F-16F7-4668-BE54-9A1E7A4F7556}") = "Develop05", "prove\Develop05\Develop05.csproj", "{DAC0D40B-1552-4A7B-87B8-C00529995015}"
EndProject
Project("{2150E333-8FDC-42A3-9474-1A3956D46DE8}") = "sandbox", "sandbox", "{03B2BF72-8BE2-4521-9934-8EE534459190}"
EndProject
Project("{9A19103F-16F7-4668-BE54-9A1E7A4F7556}") = "Sandbox", "sandbox\Sandbox\Sandbox.csproj", "{EB246E29-D71E-40A7-AB2C-EE50035FE6CF}"
EndProject
Global
	GlobalSection(SolutionConfigurationPlatforms) = preSolution
		Debug|Any CPU = Debug|Any CPU
		Release|Any CPU = Release|Any CPU
	EndGlobalSection
	GlobalSection(ProjectConfigurationPlatforms) = postSolution
		{FAA8F90E-0110-4426-BA7C-AB412182A6C6}.Debug|Any CPU.ActiveCfg = Debug|Any CPU
		{FAA8F90E-0110-4426-BA7C-AB412182A6C6}.Debug|Any CPU.Build.0 = Debug|Any CPU
		{FAA8F90E-0110-4426-BA7C-AB412182A6C6}.Release|Any CPU.ActiveCfg = Release|Any CPU
		{FAA8F90E-0110-4426-BA7C-AB412182A6C6}.Release|Any CPU.Build.0 = Release|Any CPU
		{5ADEBFAC-2CA9-4F44-9FFC-64C48A98872A}.Debug|Any CPU.ActiveCfg = Debug|Any CPU
		{5ADEBFAC-2CA9-4F44-9FFC-64C48A98872A}.Debug|Any CPU.Build.0 = Debug|Any CPU
		{5ADEBFAC-2CA9-4F44-9FFC-64C48A98872A}.Release|Any CPU.ActiveCfg = Release|Any CPU
		{5ADEBFAC-2CA9-4F44-9FFC-64C48A98872A}.Release|Any CPU.Build.0 = Release|Any CPU
		{8D26DF41-305E-4ABB-845C-FBB20C00A603}.Debug|Any CPU.ActiveCfg = Debug|Any CPU
		{8D26DF41-305E-4ABB-845C-FBB20C00A603}.Debug|Any CPU.Build.0 = Debug|Any CPU
		{8D26DF41-305E-4ABB-845C-FBB20C00A603}.Release|Any CPU.ActiveCfg = Release|Any CPU
		{8D26DF41-305E-4ABB-845C-FBB20C00A603}.Release|Any CPU.Build.0 = Release|Any CPU
		{B713F264-4149-4F5E-8003-5C7406CB61DB}.Debug|Any CPU.ActiveCfg = Debug|Any CPU
		{B713F264-4149-4F5E-8003-5C7406CB61DB}.Debug|Any CPU.Build.0 = Debug|Any CPU
		{B713F264-4149-4F5E-8003-5C7406CB61DB}.Release|Any CPU.ActiveCfg = Release|Any CPU
		{B713F264-4149-4F5E-8003-5C7406CB61DB}.Release|Any CPU.Build.0 = Release|Any CPU
		{B3C45CBF-AC86-4E0A-B61E-7CD964FFE9CF}.Debug|Any CPU.ActiveCfg = Debug|Any CPU
		{B3C45CBF-AC86-4E0A-B61E-7CD964FFE9CF}.Debug|Any CPU.Build.0 = Debug|Any CPU
		{B3C45CBF-AC86-4E0A-B61E-7CD964FFE9CF}.Release|Any CPU.ActiveCfg = Release|Any CPU
		{B3C45CBF-AC86-4E0A-B61E-7CD964FFE9CF}.Release|Any CPU.Build.0 = Release|Any CPU
		{661BD3A0-F393-45CD-B08D-0AA924A99786}.Debug|Any CPU.ActiveCfg = Debug|Any CPU
		{661BD3A0-F393-45CD-B08D-0AA924A99786}.Debug|Any CPU.Build.0 = Debug|Any CPU
		{661BD3A0-F393-45CD-B08D-0AA924A99786}.Release|Any CPU.ActiveCfg = Release|Any CPU
		{661BD3A0-F393-45CD-B08D-0AA924A99786}.Release|Any CPU.Build.0 = Release|Any CPU
		{45A5CE51-111C-4780-8317-6F023E88B60E}.Debug|Any CPU.ActiveCfg = Debug|Any CPU
		{45A5CE51-111C-4780-8317-6F023E88B60E}.Debug|Any CPU.Build.0 = Debug|Any CPU
		{45A5CE51-111C-4780-8317-6F023E88B60E}.Release|Any CPU.ActiveCfg = Release|Any CPU
		{45A5CE51-111C-4780-8317-6F023E88B60E}.Release|Any CPU.Build.0 = Release|Any CPU
		{5999F8BA-175E-4513-ADA8-41130070EEE5}.Debug|Any CPU.ActiveCfg = Debug|Any CPU
		{5999F8BA-175E-4513-ADA8-41130070EEE5}.Debug|Any CPU.Build.0 = Debug|Any CPU
		{5999F8BA-175E-4513-ADA8-41130070EEE5}.Release|Any CPU.ActiveCfg = Release|Any CPU
		{5999F8BA-175E-4513-ADA8-41130070EEE5}.Release|Any CPU.Build.0 = Release|Any CPU
		{46E9DD3E-89C3-47F5-9776-4404A4D36CC6}.Debug|Any CPU.ActiveCfg = Debug|Any CPU
		{46E9DD3E-89C3-47F5-9776-4404A4D36CC6}.Debug|Any CPU.Build.0 = Debug|Any CPU
		{46E9DD3E-89C3-47F5-9776-4404A4D36CC6}.Release|Any CPU.ActiveCfg = Release|Any CPU
		{46E9DD3E-89C3-47F5-9776-4404A4D36CC6}.Release|Any CPU.Build.0 = Release|Any CPU
		{CAAD9814-14F8-46FE-B508-E982B2403724}.Debug|Any CPU.ActiveCfg = Debug|Any CPU
		{CAAD9814-14F8-46FE-B508-E982B2403724}.Debug|Any CPU.Build.0 = Debug|Any CPU
		{CAAD9814-14F8-46FE-B508-E982B2403724}.Release|Any CPU.ActiveCfg = Release|Any CPU
		{CAAD9814-14F8-46FE-B508-E982B2403724}.Release|Any CPU.Build.0 = Release|Any CPU
		{50E21FBD-143A-4C6A-88FC-E9B58C3A292A}.Debug|Any CPU.ActiveCfg = Debug|Any CPU
		{50E21FBD-143A-4C6A-88FC-E9B58C3A292A}.Debug|Any CPU.Build.0 = Debug|Any CPU
		{50E21FBD-143A-4C6A-88FC-E9B58C3A292A}.Release|Any CPU.ActiveCfg = Release|Any CPU
		{50E21FBD-143A-4C6A-88FC-E9B58C3A292A}.Release|Any CPU.Build.0 = Release|Any CPU
		{ADDE3739-8A6D-496A-B229-2B7682B46094}.Debug|Any CPU.ActiveCfg = Debug|Any CPU
		{ADDE3739-8A6D-496A-B229-2B7682B46094}.Debug|Any CPU.Build.0 = Debug|Any CPU
		{ADDE3739-8A6D-496A-B229-2B7682B46094}.Release|Any CPU.ActiveCfg = Release|Any CPU
		{ADDE3739-8A6D-496A-B229-2B7682B46094}.Release|Any CPU.Build.0 = Release|Any CPU
		{A3D503C9-9EF3-4BBE-97D1-349CB229FD2C}.Debug|Any CPU.ActiveCfg = Debug|Any CPU
		{A3D503C9-9EF3-4BBE-97D1-349CB229FD2C}.Debug|Any CPU.Build.0 = Debug|Any CPU
		{A3D503C9-9EF3-4BBE-97D1-349CB229FD2C}.Release|Any CPU.ActiveCfg = Release|Any CPU
		{A3D503C9-9EF3-4BBE-97D1-349CB229FD2C}.Release|Any CPU.Build.0 = Release|Any CPU
		{82276D3E-E883-441F-9665-ABC1FB15CD0A}.Debug|Any CPU.ActiveCfg = Debug|Any CPU
		{82276D3E-E883-441F-9665-ABC1FB15CD0A}.Debug|Any CPU.Build.0 = Debug|Any CPU
		{82276D3E-E883-441F-9665-ABC1FB15CD0A}.Release|Any CPU.ActiveCfg = Release|Any CPU
		{82276D3E-E883-441F-9665-ABC1FB15CD0A}.Release|Any CPU.Build.0 = Release|Any CPU
		{49FEEA97-99E1-45C2-A390-3A24DEA75467}.Debug|Any CPU.ActiveCfg = Debug|Any CPU
		{49FEEA97-99E1-45C2-A390-3A24DEA75467}.Debug|Any CPU.Build.0 = Debug|Any CPU
		{49FEEA97-99E1-45C2-A390-3A24DEA75467}.Release|Any CPU.ActiveCfg = Release|Any CPU
		{49FEEA97-99E1-45C2-A390-3A24DEA75467}.Release|Any CPU.Build.0 = Release|Any CPU
		{D911DF16-5973-4B47-93D4-19D7121E31B3}.Debug|Any CPU.ActiveCfg = Debug|Any CPU
		{D911DF16-5973-4B47-93D4-19D7121E31B3}.Debug|Any CPU.Build.0 = Debug|Any CPU
		{D911DF16-5973-4B47-93D4-19D7121E31B3}.Release|Any CPU.ActiveCfg = Release|Any CPU
		{D911DF16-5973-4B47-93D4-19D7121E31B3}.Release|Any CPU.Build.0 = Release|Any CPU
		{2CBE7A00-3C51-4EB8-907B-E4D9ED87E998}.Debug|Any CPU.ActiveCfg = Debug|Any CPU
		{2CBE7A00-3C51-4EB8-907B-E4D9ED87E998}.Debug|Any CPU.Build.0 = Debug|Any CPU
		{2CBE7A00-3C51-4EB8-907B-E4D9ED87E998}.Release|Any CPU.ActiveCfg = Release|Any CPU
		{2CBE7A00-3C51-4EB8-907B-E4D9ED87E998}.Release|Any CPU.Build.0 = Release|Any CPU
		{DAC0D40B-1552-4A7B-87B8-C00529995015}.Debug|Any CPU.ActiveCfg = Debug|Any CPU
		{DAC0D40B-1552-4A7B-87B8-C00529995015}.Debug|Any CPU.Build.0 = Debug|Any CPU
		{DAC0D40B-1552-4A7B-87B8-C00529995015}.Release|Any CPU.ActiveCfg = Release|Any CPU
		{DAC0D40B-1552-4A7B-87B8-C00529995015}.Release|Any CPU.Build.0 = Release|Any CPU
		{EB246E29-D71E-40A7-AB2C-EE50035FE6CF}.Debug|Any CPU.ActiveCfg = Debug|Any CPU
		{EB246E29-D71E-40A7-AB2C-EE50035FE6CF}.Debug|Any CPU.Build.0 = Debug|Any CPU
		{EB246E29-D71E-40A7-AB2C-EE50035FE6CF}.Release|Any CPU.ActiveCfg = Release|Any CPU
		{EB246E29-D71E-40A7-AB2C-EE50035FE6CF}.Release|Any CPU.Build.0 = Release|Any CPU
	EndGlobalSection
	GlobalSection(SolutionProperties) = preSolution
		HideSolutionNode = FALSE
	EndGlobalSection
	GlobalSection(NestedProjects) = preSolution
		{FAA8F90E-0110-4426-BA7C-AB412182A6C6} = {BD7A638B-0B33-474C-B13A-AFEBD555FB19}
		{5ADEBFAC-2CA9-4F44-9FFC-64C48A98872A} = {BD7A638B-0B33-474C-B13A-AFEBD555FB19}
		{8D26DF41-305E-4ABB-845C-FBB20C00A603} = {BD7A638B-0B33-474C-B13A-AFEBD555FB19}
		{B713F264-4149-4F5E-8003-5C7406CB61DB} = {BD7A638B-0B33-474C-B13A-AFEBD555FB19}
		{B3C45CBF-AC86-4E0A-B61E-7CD964FFE9CF} = {BD7A638B-0B33-474C-B13A-AFEBD555FB19}
		{661BD3A0-F393-45CD-B08D-0AA924A99786} = {AC304168-2110-4556-9CEC-216EC0388A84}
		{45A5CE51-111C-4780-8317-6F023E88B60E} = {AC304168-2110-4556-9CEC-216EC0388A84}
		{5999F8BA-175E-4513-ADA8-41130070EEE5} = {AC304168-2110-4556-9CEC-216EC0388A84}
		{46E9DD3E-89C3-47F5-9776-4404A4D36CC6} = {AC304168-2110-4556-9CEC-216EC0388A84}
		{CAAD9814-14F8-46FE-B508-E982B2403724} = {AC304168-2110-4556-9CEC-216EC0388A84}
		{50E21FBD-143A-4C6A-88FC-E9B58C3A292A} = {7388378F-D343-40BF-87E9-9E5C3323BAAF}
		{ADDE3739-8A6D-496A-B229-2B7682B46094} = {7388378F-D343-40BF-87E9-9E5C3323BAAF}
		{A3D503C9-9EF3-4BBE-97D1-349CB229FD2C} = {7388378F-D343-40BF-87E9-9E5C3323BAAF}
		{82276D3E-E883-441F-9665-ABC1FB15CD0A} = {7388378F-D343-40BF-87E9-9E5C3323BAAF}
		{49FEEA97-99E1-45C2-A390-3A24DEA75467} = {C2195434-3A1E-42AE-A016-7898EADC4042}
		{D911DF16-5973-4B47-93D4-19D7121E31B3} = {C2195434-3A1E-42AE-A016-7898EADC4042}
		{2CBE7A00-3C51-4EB8-907B-E4D9ED87E998} = {C2195434-3A1E-42AE-A016-7898EADC4042}
		{DAC0D40B-1552-4A7B-87B8-C00529995015} = {C2195434-3A1E-42AE-A016-7898EADC4042}
		{EB246E29-D71E-40A7-AB2C-EE50035FE6CF} = {03B2BF72-8BE2-4521-9934-8EE534459190}
	EndGlobalSection
	GlobalSection(ExtensibilityGlobals) = postSolution
		SolutionGuid = {70E7B71B-9224-461F-958A-D0F9D354C2C5}
	EndGlobalSection
EndGlobal
